
Microsoft Visual Studio Solution File, Format Version 12.00
# Visual Studio 14
VisualStudioVersion = 14.0.24720.0
MinimumVisualStudioVersion = 10.0.40219.1
Project("{2150E333-8FDC-42A3-9474-1A3956D46DE8}") = "src", "src", "{7216A588-0B2A-481B-B977-4A4F4DE71E6E}"
EndProject
Project("{2150E333-8FDC-42A3-9474-1A3956D46DE8}") = "Solution Items", "Solution Items", "{20B52981-85E0-45E4-8CAD-ED5032EF1C2E}"
	ProjectSection(SolutionItems) = preProject
		global.json = global.json
	EndProjectSection
EndProject
Project("{8BB2217D-0F2D-49D1-97BC-3654ED321F3B}") = "CDI Automotriz", "src\CDI Automotriz\CDI Automotriz.xproj", "{663804AD-DBF6-4ACF-B327-264CBC78A960}"
EndProject
Global
	GlobalSection(SolutionConfigurationPlatforms) = preSolution
		Debug|Any CPU = Debug|Any CPU
		Release|Any CPU = Release|Any CPU
	EndGlobalSection
	GlobalSection(ProjectConfigurationPlatforms) = postSolution
		{663804AD-DBF6-4ACF-B327-264CBC78A960}.Debug|Any CPU.ActiveCfg = Debug|Any CPU
		{663804AD-DBF6-4ACF-B327-264CBC78A960}.Debug|Any CPU.Build.0 = Debug|Any CPU
		{663804AD-DBF6-4ACF-B327-264CBC78A960}.Release|Any CPU.ActiveCfg = Release|Any CPU
		{663804AD-DBF6-4ACF-B327-264CBC78A960}.Release|Any CPU.Build.0 = Release|Any CPU
	EndGlobalSection
	GlobalSection(SolutionProperties) = preSolution
		HideSolutionNode = FALSE
	EndGlobalSection
	GlobalSection(NestedProjects) = preSolution
		{663804AD-DBF6-4ACF-B327-264CBC78A960} = {7216A588-0B2A-481B-B977-4A4F4DE71E6E}
	EndGlobalSection
EndGlobal
